// !$*UTF8*$!
{
	archiveVersion = 1;
	classes = {
	};
	objectVersion = 50;
	objects = {

/* Begin PBXBuildFile section */
		8447EDDA2C61AAE3001BD2FF /* CircleMenuApp.swift in Sources */ = {isa = PBXBuildFile; fileRef = 8447EDD92C61AAE3001BD2FF /* CircleMenuApp.swift */; };
		8447EDDC2C61AAE3001BD2FF /* ContentView.swift in Sources */ = {isa = PBXBuildFile; fileRef = 8447EDDB2C61AAE3001BD2FF /* ContentView.swift */; };
		8447EDDE2C61AAE5001BD2FF /* Assets.xcassets in Resources */ = {isa = PBXBuildFile; fileRef = 8447EDDD2C61AAE5001BD2FF /* Assets.xcassets */; };
		8447EDE12C61AAE5001BD2FF /* Preview Assets.xcassets in Resources */ = {isa = PBXBuildFile; fileRef = 8447EDE02C61AAE5001BD2FF /* Preview Assets.xcassets */; };
		8447EDEB2C61AB70001BD2FF /* CircleView.swift in Sources */ = {isa = PBXBuildFile; fileRef = 8447EDEA2C61AB70001BD2FF /* CircleView.swift */; };
		8447EDEF2C62561C001BD2FF /* ItemModel.swift in Sources */ = {isa = PBXBuildFile; fileRef = 8447EDEE2C62561C001BD2FF /* ItemModel.swift */; };
/* End PBXBuildFile section */

/* Begin PBXFileReference section */
		8447EDD62C61AAE3001BD2FF /* CircleMenu.app */ = {isa = PBXFileReference; explicitFileType = wrapper.application; includeInIndex = 0; path = CircleMenu.app; sourceTree = BUILT_PRODUCTS_DIR; };
		8447EDD92C61AAE3001BD2FF /* CircleMenuApp.swift */ = {isa = PBXFileReference; lastKnownFileType = sourcecode.swift; path = CircleMenuApp.swift; sourceTree = "<group>"; };
		8447EDDB2C61AAE3001BD2FF /* ContentView.swift */ = {isa = PBXFileReference; lastKnownFileType = sourcecode.swift; path = ContentView.swift; sourceTree = "<group>"; };
		8447EDDD2C61AAE5001BD2FF /* Assets.xcassets */ = {isa = PBXFileReference; lastKnownFileType = folder.assetcatalog; path = Assets.xcassets; sourceTree = "<group>"; };
		8447EDE02C61AAE5001BD2FF /* Preview Assets.xcassets */ = {isa = PBXFileReference; lastKnownFileType = folder.assetcatalog; path = "Preview Assets.xcassets"; sourceTree = "<group>"; };
		8447EDE22C61AAE5001BD2FF /* Info.plist */ = {isa = PBXFileReference; lastKnownFileType = text.plist.xml; path = Info.plist; sourceTree = "<group>"; };
		8447EDEA2C61AB70001BD2FF /* CircleView.swift */ = {isa = PBXFileReference; lastKnownFileType = sourcecode.swift; path = CircleView.swift; sourceTree = "<group>"; };
		8447EDEE2C62561C001BD2FF /* ItemModel.swift */ = {isa = PBXFileReference; lastKnownFileType = sourcecode.swift; path = ItemModel.swift; sourceTree = "<group>"; };
/* End PBXFileReference section */

/* Begin PBXFrameworksBuildPhase section */
		8447EDD32C61AAE3001BD2FF /* Frameworks */ = {
			isa = PBXFrameworksBuildPhase;
			buildActionMask = 2147483647;
			files = (
			);
			runOnlyForDeploymentPostprocessing = 0;
		};
/* End PBXFrameworksBuildPhase section */

/* Begin PBXGroup section */
		8447EDCD2C61AAE3001BD2FF = {
			isa = PBXGroup;
			children = (
				8447EDD82C61AAE3001BD2FF /* CircleMenu */,
				8447EDD72C61AAE3001BD2FF /* Products */,
			);
			sourceTree = "<group>";
		};
		8447EDD72C61AAE3001BD2FF /* Products */ = {
			isa = PBXGroup;
			children = (
				8447EDD62C61AAE3001BD2FF /* CircleMenu.app */,
			);
			name = Products;
			sourceTree = "<group>";
		};
		8447EDD82C61AAE3001BD2FF /* CircleMenu */ = {
			isa = PBXGroup;
			children = (
				8447EDED2C6255F1001BD2FF /*  Models */,
				8447EDE92C61AB43001BD2FF /*  Views */,
				8447EDD92C61AAE3001BD2FF /* CircleMenuApp.swift */,
				8447EDDB2C61AAE3001BD2FF /* ContentView.swift */,
				8447EDDD2C61AAE5001BD2FF /* Assets.xcassets */,
				8447EDE22C61AAE5001BD2FF /* Info.plist */,
				8447EDDF2C61AAE5001BD2FF /* Preview Content */,
			);
			path = CircleMenu;
			sourceTree = "<group>";
		};
		8447EDDF2C61AAE5001BD2FF /* Preview Content */ = {
			isa = PBXGroup;
			children = (
				8447EDE02C61AAE5001BD2FF /* Preview Assets.xcassets */,
			);
			path = "Preview Content";
			sourceTree = "<group>";
		};
		8447EDE92C61AB43001BD2FF /*  Views */ = {
			isa = PBXGroup;
			children = (
				8447EDEA2C61AB70001BD2FF /* CircleView.swift */,
			);
			path = " Views";
			sourceTree = "<group>";
		};
		8447EDED2C6255F1001BD2FF /*  Models */ = {
			isa = PBXGroup;
			children = (
				8447EDEE2C62561C001BD2FF /* ItemModel.swift */,
			);
			path = " Models";
			sourceTree = "<group>";
		};
/* End PBXGroup section */

/* Begin PBXNativeTarget section */
		8447EDD52C61AAE3001BD2FF /* CircleMenu */ = {
			isa = PBXNativeTarget;
			buildConfigurationList = 8447EDE52C61AAE5001BD2FF /* Build configuration list for PBXNativeTarget "CircleMenu" */;
			buildPhases = (
				8447EDD22C61AAE3001BD2FF /* Sources */,
				8447EDD32C61AAE3001BD2FF /* Frameworks */,
				8447EDD42C61AAE3001BD2FF /* Resources */,
			);
			buildRules = (
			);
			dependencies = (
			);
			name = CircleMenu;
			productName = CircleMenu;
			productReference = 8447EDD62C61AAE3001BD2FF /* CircleMenu.app */;
			productType = "com.apple.product-type.application";
		};
/* End PBXNativeTarget section */

/* Begin PBXProject section */
		8447EDCE2C61AAE3001BD2FF /* Project object */ = {
			isa = PBXProject;
			attributes = {
				LastSwiftUpdateCheck = 1240;
				LastUpgradeCheck = 1240;
				TargetAttributes = {
					8447EDD52C61AAE3001BD2FF = {
						CreatedOnToolsVersion = 12.4;
					};
				};
			};
			buildConfigurationList = 8447EDD12C61AAE3001BD2FF /* Build configuration list for PBXProject "CircleMenu" */;
			compatibilityVersion = "Xcode 9.3";
			developmentRegion = en;
			hasScannedForEncodings = 0;
			knownRegions = (
				en,
				Base,
			);
			mainGroup = 8447EDCD2C61AAE3001BD2FF;
			productRefGroup = 8447EDD72C61AAE3001BD2FF /* Products */;
			projectDirPath = "";
			projectRoot = "";
			targets = (
				8447EDD52C61AAE3001BD2FF /* CircleMenu */,
			);
		};
/* End PBXProject section */

/* Begin PBXResourcesBuildPhase section */
		8447EDD42C61AAE3001BD2FF /* Resources */ = {
			isa = PBXResourcesBuildPhase;
			buildActionMask = 2147483647;
			files = (
				8447EDE12C61AAE5001BD2FF /* Preview Assets.xcassets in Resources */,
				8447EDDE2C61AAE5001BD2FF /* Assets.xcassets in Resources */,
			);
			runOnlyForDeploymentPostprocessing = 0;
		};
/* End PBXResourcesBuildPhase section */

/* Begin PBXSourcesBuildPhase section */
		8447EDD22C61AAE3001BD2FF /* Sources */ = {
			isa = PBXSourcesBuildPhase;
			buildActionMask = 2147483647;
			files = (
				8447EDEB2C61AB70001BD2FF /* CircleView.swift in Sources */,
				8447EDDC2C61AAE3001BD2FF /* ContentView.swift in Sources */,
				8447EDEF2C62561C001BD2FF /* ItemModel.swift in Sources */,
				8447EDDA2C61AAE3001BD2FF /* CircleMenuApp.swift in Sources */,
			);
			runOnlyForDeploymentPostprocessing = 0;
		};
/* End PBXSourcesBuildPhase section */

/* Begin XCBuildConfiguration section */
		8447EDE32C61AAE5001BD2FF /* Debug */ = {
			isa = XCBuildConfiguration;
			buildSettings = {
				ALWAYS_SEARCH_USER_PATHS = NO;
				CLANG_ANALYZER_NONNULL = YES;
				CLANG_ANALYZER_NUMBER_OBJECT_CONVERSION = YES_AGGRESSIVE;
				CLANG_CXX_LANGUAGE_STANDARD = "gnu++14";
				CLANG_CXX_LIBRARY = "libc++";
				CLANG_ENABLE_MODULES = YES;
				CLANG_ENABLE_OBJC_ARC = YES;
				CLANG_ENABLE_OBJC_WEAK = YES;
				CLANG_WARN_BLOCK_CAPTURE_AUTORELEASING = YES;
				CLANG_WARN_BOOL_CONVERSION = YES;
				CLANG_WARN_COMMA = YES;
				CLANG_WARN_CONSTANT_CONVERSION = YES;
				CLANG_WARN_DEPRECATED_OBJC_IMPLEMENTATIONS = YES;
				CLANG_WARN_DIRECT_OBJC_ISA_USAGE = YES_ERROR;
				CLANG_WARN_DOCUMENTATION_COMMENTS = YES;
				CLANG_WARN_EMPTY_BODY = YES;
				CLANG_WARN_ENUM_CONVERSION = YES;
				CLANG_WARN_INFINITE_RECURSION = YES;
				CLANG_WARN_INT_CONVERSION = YES;
				CLANG_WARN_NON_LITERAL_NULL_CONVERSION = YES;
				CLANG_WARN_OBJC_IMPLICIT_RETAIN_SELF = YES;
				CLANG_WARN_OBJC_LITERAL_CONVERSION = YES;
				CLANG_WARN_OBJC_ROOT_CLASS = YES_ERROR;
				CLANG_WARN_QUOTED_INCLUDE_IN_FRAMEWORK_HEADER = YES;
				CLANG_WARN_RANGE_LOOP_ANALYSIS = YES;
				CLANG_WARN_STRICT_PROTOTYPES = YES;
				CLANG_WARN_SUSPICIOUS_MOVE = YES;
				CLANG_WARN_UNGUARDED_AVAILABILITY = YES_AGGRESSIVE;
				CLANG_WARN_UNREACHABLE_CODE = YES;
				CLANG_WARN__DUPLICATE_METHOD_MATCH = YES;
				COPY_PHASE_STRIP = NO;
				DEBUG_INFORMATION_FORMAT = dwarf;
				ENABLE_STRICT_OBJC_MSGSEND = YES;
				ENABLE_TESTABILITY = YES;
				GCC_C_LANGUAGE_STANDARD = gnu11;
				GCC_DYNAMIC_NO_PIC = NO;
				GCC_NO_COMMON_BLOCKS = YES;
				GCC_OPTIMIZATION_LEVEL = 0;
				GCC_PREPROCESSOR_DEFINITIONS = (
					"DEBUG=1",
					"$(inherited)",
				);
				GCC_WARN_64_TO_32_BIT_CONVERSION = YES;
				GCC_WARN_ABOUT_RETURN_TYPE = YES_ERROR;
				GCC_WARN_UNDECLARED_SELECTOR = YES;
				GCC_WARN_UNINITIALIZED_AUTOS = YES_AGGRESSIVE;
				GCC_WARN_UNUSED_FUNCTION = YES;
				GCC_WARN_UNUSED_VARIABLE = YES;
				IPHONEOS_DEPLOYMENT_TARGET = 14.4;
				MTL_ENABLE_DEBUG_INFO = INCLUDE_SOURCE;
				MTL_FAST_MATH = YES;
				ONLY_ACTIVE_ARCH = YES;
				SDKROOT = iphoneos;
				SWIFT_ACTIVE_COMPILATION_CONDITIONS = DEBUG;
				SWIFT_OPTIMIZATION_LEVEL = "-Onone";
			};
			name = Debug;
		};
		8447EDE42C61AAE5001BD2FF /* Release */ = {
			isa = XCBuildConfiguration;
			buildSettings = {
				ALWAYS_SEARCH_USER_PATHS = NO;
				CLANG_ANALYZER_NONNULL = YES;
				CLANG_ANALYZER_NUMBER_OBJECT_CONVERSION = YES_AGGRESSIVE;
				CLANG_CXX_LANGUAGE_STANDARD = "gnu++14";
				CLANG_CXX_LIBRARY = "libc++";
				CLANG_ENABLE_MODULES = YES;
				CLANG_ENABLE_OBJC_ARC = YES;
				CLANG_ENABLE_OBJC_WEAK = YES;
				CLANG_WARN_BLOCK_CAPTURE_AUTORELEASING = YES;
				CLANG_WARN_BOOL_CONVERSION = YES;
				CLANG_WARN_COMMA = YES;
				CLANG_WARN_CONSTANT_CONVERSION = YES;
				CLANG_WARN_DEPRECATED_OBJC_IMPLEMENTATIONS = YES;
				CLANG_WARN_DIRECT_OBJC_ISA_USAGE = YES_ERROR;
				CLANG_WARN_DOCUMENTATION_COMMENTS = YES;
				CLANG_WARN_EMPTY_BODY = YES;
				CLANG_WARN_ENUM_CONVERSION = YES;
				CLANG_WARN_INFINITE_RECURSION = YES;
				CLANG_WARN_INT_CONVERSION = YES;
				CLANG_WARN_NON_LITERAL_NULL_CONVERSION = YES;
				CLANG_WARN_OBJC_IMPLICIT_RETAIN_SELF = YES;
				CLANG_WARN_OBJC_LITERAL_CONVERSION = YES;
				CLANG_WARN_OBJC_ROOT_CLASS = YES_ERROR;
				CLANG_WARN_QUOTED_INCLUDE_IN_FRAMEWORK_HEADER = YES;
				CLANG_WARN_RANGE_LOOP_ANALYSIS = YES;
				CLANG_WARN_STRICT_PROTOTYPES = YES;
				CLANG_WARN_SUSPICIOUS_MOVE = YES;
				CLANG_WARN_UNGUARDED_AVAILABILITY = YES_AGGRESSIVE;
				CLANG_WARN_UNREACHABLE_CODE = YES;
				CLANG_WARN__DUPLICATE_METHOD_MATCH = YES;
				COPY_PHASE_STRIP = NO;
				DEBUG_INFORMATION_FORMAT = "dwarf-with-dsym";
				ENABLE_NS_ASSERTIONS = NO;
				ENABLE_STRICT_OBJC_MSGSEND = YES;
				GCC_C_LANGUAGE_STANDARD = gnu11;
				GCC_NO_COMMON_BLOCKS = YES;
				GCC_WARN_64_TO_32_BIT_CONVERSION = YES;
				GCC_WARN_ABOUT_RETURN_TYPE = YES_ERROR;
				GCC_WARN_UNDECLARED_SELECTOR = YES;
				GCC_WARN_UNINITIALIZED_AUTOS = YES_AGGRESSIVE;
				GCC_WARN_UNUSED_FUNCTION = YES;
				GCC_WARN_UNUSED_VARIABLE = YES;
				IPHONEOS_DEPLOYMENT_TARGET = 14.4;
				MTL_ENABLE_DEBUG_INFO = NO;
				MTL_FAST_MATH = YES;
				SDKROOT = iphoneos;
				SWIFT_COMPILATION_MODE = wholemodule;
				SWIFT_OPTIMIZATION_LEVEL = "-O";
				VALIDATE_PRODUCT = YES;
			};
			name = Release;
		};
		8447EDE62C61AAE5001BD2FF /* Debug */ = {
			isa = XCBuildConfiguration;
			buildSettings = {
				ASSETCATALOG_COMPILER_APPICON_NAME = AppIcon;
				ASSETCATALOG_COMPILER_GLOBAL_ACCENT_COLOR_NAME = AccentColor;
				CODE_SIGN_STYLE = Automatic;
				DEVELOPMENT_ASSET_PATHS = "\"CircleMenu/Preview Content\"";
				DEVELOPMENT_TEAM = A33YTXXVWU;
				ENABLE_PREVIEWS = YES;
				INFOPLIST_FILE = CircleMenu/Info.plist;
				IPHONEOS_DEPLOYMENT_TARGET = 14.0;
				LD_RUNPATH_SEARCH_PATHS = (
					"$(inherited)",
					"@executable_path/Frameworks",
				);
				PRODUCT_BUNDLE_IDENTIFIER = com.devsk8.CircleMenu;
				PRODUCT_NAME = "$(TARGET_NAME)";
				SWIFT_VERSION = 5.0;
				TARGETED_DEVICE_FAMILY = "1,2";
			};
			name = Debug;
		};
		8447EDE72C61AAE5001BD2FF /* Release */ = {
			isa = XCBuildConfiguration;
			buildSettings = {
				ASSETCATALOG_COMPILER_APPICON_NAME = AppIcon;
				ASSETCATALOG_COMPILER_GLOBAL_ACCENT_COLOR_NAME = AccentColor;
				CODE_SIGN_STYLE = Automatic;
				DEVELOPMENT_ASSET_PATHS = "\"CircleMenu/Preview Content\"";
				DEVELOPMENT_TEAM = A33YTXXVWU;
				ENABLE_PREVIEWS = YES;
				INFOPLIST_FILE = CircleMenu/Info.plist;
				IPHONEOS_DEPLOYMENT_TARGET = 14.0;
				LD_RUNPATH_SEARCH_PATHS = (
					"$(inherited)",
					"@executable_path/Frameworks",
				);
				PRODUCT_BUNDLE_IDENTIFIER = com.devsk8.CircleMenu;
				PRODUCT_NAME = "$(TARGET_NAME)";
				SWIFT_VERSION = 5.0;
				TARGETED_DEVICE_FAMILY = "1,2";
			};
			name = Release;
		};
/* End XCBuildConfiguration section */

/* Begin XCConfigurationList section */
		8447EDD12C61AAE3001BD2FF /* Build configuration list for PBXProject "CircleMenu" */ = {
			isa = XCConfigurationList;
			buildConfigurations = (
				8447EDE32C61AAE5001BD2FF /* Debug */,
				8447EDE42C61AAE5001BD2FF /* Release */,
			);
			defaultConfigurationIsVisible = 0;
			defaultConfigurationName = Release;
		};
		8447EDE52C61AAE5001BD2FF /* Build configuration list for PBXNativeTarget "CircleMenu" */ = {
			isa = XCConfigurationList;
			buildConfigurations = (
				8447EDE62C61AAE5001BD2FF /* Debug */,
				8447EDE72C61AAE5001BD2FF /* Release */,
			);
			defaultConfigurationIsVisible = 0;
			defaultConfigurationName = Release;
		};
/* End XCConfigurationList section */
	};
	rootObject = 8447EDCE2C61AAE3001BD2FF /* Project object */;
}
